
Microsoft Visual Studio Solution File, Format Version 12.00
# Visual Studio Version 16
VisualStudioVersion = 16.0.29709.97
MinimumVisualStudioVersion = 10.0.40219.1
Project("{9A19103F-16F7-4668-BE54-9A1E7A4F7556}") = "BooksStore.Service", "BooksStore.Service\BooksStore.Service.csproj", "{6160474A-D73D-4044-BC4E-D301A2313241}"
EndProject
Project("{9A19103F-16F7-4668-BE54-9A1E7A4F7556}") = "BooksStore.Web", "BooksStore.Web\BooksStore.Web.csproj", "{BB375FA2-12A1-49E0-9334-AA728BF6E271}"
EndProject
Project("{2150E333-8FDC-42A3-9474-1A3956D46DE8}") = "src", "src", "{FED2C03B-DB62-40BA-A7C8-DD3CF656C968}"
EndProject
Project("{9A19103F-16F7-4668-BE54-9A1E7A4F7556}") = "BooksStore.Core", "BooksStore.Core\BooksStore.Core.csproj", "{8B8473F0-1317-458E-B0F2-54BDF9ED5942}"
EndProject
Project("{9A19103F-16F7-4668-BE54-9A1E7A4F7556}") = "BooksStore.Infrastructure", "BooksStore.Infrastructure\BooksStore.Infrastructure.csproj", "{8C22A9BA-6BF6-4E32-AB0E-9F3064E7CB69}"
EndProject
Project("{FAE04EC0-301F-11D3-BF4B-00C04F79EFBC}") = "BooksStore.Common", "BooksStore.Common\BooksStore.Common.csproj", "{A22869A3-F8B1-4580-9760-8F7DA0F0DB52}"
EndProject
Global
	GlobalSection(SolutionConfigurationPlatforms) = preSolution
		Debug|Any CPU = Debug|Any CPU
		Release|Any CPU = Release|Any CPU
	EndGlobalSection
	GlobalSection(ProjectConfigurationPlatforms) = postSolution
		{6160474A-D73D-4044-BC4E-D301A2313241}.Debug|Any CPU.ActiveCfg = Debug|Any CPU
		{6160474A-D73D-4044-BC4E-D301A2313241}.Debug|Any CPU.Build.0 = Debug|Any CPU
		{6160474A-D73D-4044-BC4E-D301A2313241}.Release|Any CPU.ActiveCfg = Release|Any CPU
		{6160474A-D73D-4044-BC4E-D301A2313241}.Release|Any CPU.Build.0 = Release|Any CPU
		{BB375FA2-12A1-49E0-9334-AA728BF6E271}.Debug|Any CPU.ActiveCfg = Debug|Any CPU
		{BB375FA2-12A1-49E0-9334-AA728BF6E271}.Debug|Any CPU.Build.0 = Debug|Any CPU
		{BB375FA2-12A1-49E0-9334-AA728BF6E271}.Release|Any CPU.ActiveCfg = Release|Any CPU
		{BB375FA2-12A1-49E0-9334-AA728BF6E271}.Release|Any CPU.Build.0 = Release|Any CPU
		{8B8473F0-1317-458E-B0F2-54BDF9ED5942}.Debug|Any CPU.ActiveCfg = Debug|Any CPU
		{8B8473F0-1317-458E-B0F2-54BDF9ED5942}.Debug|Any CPU.Build.0 = Debug|Any CPU
		{8B8473F0-1317-458E-B0F2-54BDF9ED5942}.Release|Any CPU.ActiveCfg = Release|Any CPU
		{8B8473F0-1317-458E-B0F2-54BDF9ED5942}.Release|Any CPU.Build.0 = Release|Any CPU
		{8C22A9BA-6BF6-4E32-AB0E-9F3064E7CB69}.Debug|Any CPU.ActiveCfg = Debug|Any CPU
		{8C22A9BA-6BF6-4E32-AB0E-9F3064E7CB69}.Debug|Any CPU.Build.0 = Debug|Any CPU
		{8C22A9BA-6BF6-4E32-AB0E-9F3064E7CB69}.Release|Any CPU.ActiveCfg = Release|Any CPU
		{8C22A9BA-6BF6-4E32-AB0E-9F3064E7CB69}.Release|Any CPU.Build.0 = Release|Any CPU
		{A22869A3-F8B1-4580-9760-8F7DA0F0DB52}.Debug|Any CPU.ActiveCfg = Debug|Any CPU
		{A22869A3-F8B1-4580-9760-8F7DA0F0DB52}.Debug|Any CPU.Build.0 = Debug|Any CPU
		{A22869A3-F8B1-4580-9760-8F7DA0F0DB52}.Release|Any CPU.ActiveCfg = Release|Any CPU
		{A22869A3-F8B1-4580-9760-8F7DA0F0DB52}.Release|Any CPU.Build.0 = Release|Any CPU
	EndGlobalSection
	GlobalSection(SolutionProperties) = preSolution
		HideSolutionNode = FALSE
	EndGlobalSection
	GlobalSection(NestedProjects) = preSolution
		{6160474A-D73D-4044-BC4E-D301A2313241} = {FED2C03B-DB62-40BA-A7C8-DD3CF656C968}
		{BB375FA2-12A1-49E0-9334-AA728BF6E271} = {FED2C03B-DB62-40BA-A7C8-DD3CF656C968}
		{8B8473F0-1317-458E-B0F2-54BDF9ED5942} = {FED2C03B-DB62-40BA-A7C8-DD3CF656C968}
		{8C22A9BA-6BF6-4E32-AB0E-9F3064E7CB69} = {FED2C03B-DB62-40BA-A7C8-DD3CF656C968}
		{A22869A3-F8B1-4580-9760-8F7DA0F0DB52} = {FED2C03B-DB62-40BA-A7C8-DD3CF656C968}
	EndGlobalSection
	GlobalSection(ExtensibilityGlobals) = postSolution
		SolutionGuid = {3D8BC7D0-8379-41FC-BFBB-5B3621828197}
	EndGlobalSection
EndGlobal
